lockfileVersion: '9.0'

settings:
  autoInstallPeers: true
  excludeLinksFromLockfile: false

importers:

  .:
    devDependencies:
      '@ai-plugin-marketplace/cli':
        specifier: ^0.6.0
        version: 0.6.0
      '@ai-plugin-marketplace/core':
        specifier: ^0.9.0
        version: 0.9.0

packages:

  '@ai-plugin-marketplace/cli@0.6.0':
    resolution: {integrity: sha512-2PJxjvo+EIgUOHYPZUmviaOYsqm2UcCUjbSJywjlURIU3ZuJyexw8YgwqBuo+0bBBsMwbiHb9OXOzAZtaKfceQ==}
    engines: {node: '>=20.0.0'}
    hasBin: true

  '@ai-plugin-marketplace/core@0.9.0':
    resolution: {integrity: sha512-36f95fRrPsaS+hca+tz4MB8x8NPsd6BDydyBF5TgeXD0zOR4w44kFdleagUj+gOyZH6qdEI359gQBVP9yn1ziA==}
    engines: {node: '>=20.0.0'}

  jiti@2.7.0:
    resolution: {integrity: sha512-AC/7JofJvZGrrneWNaEnJeOLUx+JlGt7tNa0wZiRPT4MY1wmfKjt2+6O2p2uz2+skll8OZZmJMNqeke7kKbNgQ==}
    hasBin: true

  jsonc-parser@3.3.1:
    resolution: {integrity: sha512-HUgH65KyejrUFPvHFPbqOY0rsFip3Bo5wb4ngvdi1EpCYWUQDC5V+Y7mZws+DLkr4M//zQJoanu1SP+87Dv1oQ==}

  semver@7.8.5:
    resolution: {integrity: sha512-Y7/KDsb8LjooZpwaqGyulO6DQlksgCncchHGk+sZIY4SBvUocMBEFH5Ur1fI4dV+Jvl0w6cjvucaIi40puRioA==}
    engines: {node: '>=10'}
    hasBin: true

  yaml@2.9.0:
    resolution: {integrity: sha512-2AvhNX3mb8zd6Zy7INTtSpl1F15HW6Wnqj0srWlkKLcpYl/gMIMJiyuGq2KeI2YFxUPjdlB+3Lc10seMLtL4cA==}
    engines: {node: '>= 14.6'}
    hasBin: true

  zod@4.4.3:
    resolution: {integrity: sha512-ytENFjIJFl2UwYglde2jchW2Hwm4GJFLDiSXWdTrJQBIN9Fcyp7n4DhxJEiWNAJMV1/BqWfW/kkg71UDcHJyTQ==}

snapshots:

  '@ai-plugin-marketplace/cli@0.6.0':
    dependencies:
      '@ai-plugin-marketplace/core': 0.9.0

  '@ai-plugin-marketplace/core@0.9.0':
    dependencies:
      jiti: 2.7.0
      jsonc-parser: 3.3.1
      semver: 7.8.5
      yaml: 2.9.0
      zod: 4.4.3

  jiti@2.7.0: {}

  jsonc-parser@3.3.1: {}

  semver@7.8.5: {}

  yaml@2.9.0: {}

  zod@4.4.3: {}
